{
  "version": 4,
  "terraform_version": "1.6.2",
  "serial": 258,
  "lineage": "a115c62d-2f40-361e-4033-dee6fd13f266",
  "outputs": {
    "website_url": {
      "value": "https://storage.googleapis.com/genesis-of-websites-oredev-demo",
      "type": "string"
    }
  },
  "resources": [
    {
      "mode": "managed",
      "type": "google_storage_bucket",
      "name": "website_bucket",
      "provider": "provider[\"registry.terraform.io/hashicorp/google\"]",
      "instances": [
        {
          "schema_version": 1,
          "attributes": {
            "autoclass": [],
            "cors": [],
            "custom_placement_config": [],
            "default_event_based_hold": false,
            "effective_labels": {},
            "encryption": [],
            "force_destroy": false,
            "id": "genesis-of-websites-oredev-demo",
            "labels": {},
            "lifecycle_rule": [],
            "location": "EUROPE-NORTH1",
            "logging": [],
            "name": "genesis-of-websites-oredev-demo",
            "project": "sijohn-playground-v2",
            "public_access_prevention": "inherited",
            "requester_pays": false,
            "retention_policy": [],
            "self_link": "https://www.googleapis.com/storage/v1/b/genesis-of-websites-oredev-demo",
            "storage_class": "STANDARD",
            "terraform_labels": {},
            "timeouts": null,
            "uniform_bucket_level_access": false,
            "url": "gs://genesis-of-websites-oredev-demo",
            "versioning": [],
            "website": [
              {
                "main_page_suffix": "index.html",
                "not_found_page": "404.html"
              }
            ]
          },
          "sensitive_attributes": [],
          "private": "eyJlMmJmYjczMC1lY2FhLTExZTYtOGY4OC0zNDM2M2JjN2M0YzAiOnsiY3JlYXRlIjo2MDAwMDAwMDAwMDAsInJlYWQiOjI0MDAwMDAwMDAwMCwidXBkYXRlIjoyNDAwMDAwMDAwMDB9LCJzY2hlbWFfdmVyc2lvbiI6IjEifQ=="
        }
      ]
    },
    {
      "mode": "managed",
      "type": "google_storage_bucket_access_control",
      "name": "public_access",
      "provider": "provider[\"registry.terraform.io/hashicorp/google\"]",
      "instances": [
        {
          "schema_version": 0,
          "attributes": {
            "bucket": "genesis-of-websites-oredev-demo",
            "domain": "",
            "email": "",
            "entity": "allUsers",
            "id": "genesis-of-websites-oredev-demo/allUsers",
            "role": "READER",
            "timeouts": null
          },
          "sensitive_attributes": [],
          "private": "eyJlMmJmYjczMC1lY2FhLTExZTYtOGY4OC0zNDM2M2JjN2M0YzAiOnsiY3JlYXRlIjoxMjAwMDAwMDAwMDAwLCJkZWxldGUiOjEyMDAwMDAwMDAwMDAsInVwZGF0ZSI6MTIwMDAwMDAwMDAwMH19",
          "dependencies": [
            "google_storage_bucket.website_bucket"
          ]
        }
      ]
    },
    {
      "mode": "managed",
      "type": "google_storage_bucket_object",
      "name": "errorpage",
      "provider": "provider[\"registry.terraform.io/hashicorp/google\"]",
      "instances": [
        {
          "schema_version": 0,
          "attributes": {
            "bucket": "genesis-of-websites-oredev-demo",
            "cache_control": "",
            "content": "\u003chtml\u003e\u003cbody\u003e404!\u003c/body\u003e\u003c/html\u003e",
            "content_disposition": "",
            "content_encoding": "",
            "content_language": "",
            "content_type": "text/html",
            "crc32c": "oIK2iQ==",
            "customer_encryption": [],
            "detect_md5hash": "svFmTEvom993Vl3NROQPbQ==",
            "event_based_hold": false,
            "id": "genesis-of-websites-oredev-demo-404.html",
            "kms_key_name": "",
            "md5hash": "svFmTEvom993Vl3NROQPbQ==",
            "media_link": "https://storage.googleapis.com/download/storage/v1/b/genesis-of-websites-oredev-demo/o/404.html?generation=1698843304390617\u0026alt=media",
            "metadata": null,
            "name": "404.html",
            "output_name": "404.html",
            "self_link": "https://www.googleapis.com/storage/v1/b/genesis-of-websites-oredev-demo/o/404.html",
            "source": null,
            "storage_class": "STANDARD",
            "temporary_hold": false,
            "timeouts": null
          },
          "sensitive_attributes": [],
          "private": "eyJlMmJmYjczMC1lY2FhLTExZTYtOGY4OC0zNDM2M2JjN2M0YzAiOnsiY3JlYXRlIjoyNDAwMDAwMDAwMDAsImRlbGV0ZSI6MjQwMDAwMDAwMDAwLCJ1cGRhdGUiOjI0MDAwMDAwMDAwMH19",
          "dependencies": [
            "google_storage_bucket.website_bucket"
          ]
        }
      ]
    },
    {
      "mode": "managed",
      "type": "google_storage_bucket_object",
      "name": "indexpage",
      "provider": "provider[\"registry.terraform.io/hashicorp/google\"]",
      "instances": [
        {
          "schema_version": 0,
          "attributes": {
            "bucket": "genesis-of-websites-oredev-demo",
            "cache_control": "",
            "content": null,
            "content_disposition": "",
            "content_encoding": "",
            "content_language": "",
            "content_type": "text/html",
            "crc32c": "U40Q9A==",
            "customer_encryption": [],
            "detect_md5hash": "9CtLJ2TwKvIF9Jroi5nTdA==",
            "event_based_hold": false,
            "id": "genesis-of-websites-oredev-demo-index.html",
            "kms_key_name": "",
            "md5hash": "9CtLJ2TwKvIF9Jroi5nTdA==",
            "media_link": "https://storage.googleapis.com/download/storage/v1/b/genesis-of-websites-oredev-demo/o/index.html?generation=1698843304387840\u0026alt=media",
            "metadata": null,
            "name": "index.html",
            "output_name": "index.html",
            "self_link": "https://www.googleapis.com/storage/v1/b/genesis-of-websites-oredev-demo/o/index.html",
            "source": "./src/index.html",
            "storage_class": "STANDARD",
            "temporary_hold": false,
            "timeouts": null
          },
          "sensitive_attributes": [],
          "private": "eyJlMmJmYjczMC1lY2FhLTExZTYtOGY4OC0zNDM2M2JjN2M0YzAiOnsiY3JlYXRlIjoyNDAwMDAwMDAwMDAsImRlbGV0ZSI6MjQwMDAwMDAwMDAwLCJ1cGRhdGUiOjI0MDAwMDAwMDAwMH19",
          "dependencies": [
            "google_storage_bucket.website_bucket"
          ]
        }
      ]
    },
    {
      "mode": "managed",
      "type": "google_storage_bucket_object",
      "name": "indexpage_image",
      "provider": "provider[\"registry.terraform.io/hashicorp/google\"]",
      "instances": [
        {
          "schema_version": 0,
          "attributes": {
            "bucket": "genesis-of-websites-oredev-demo",
            "cache_control": "",
            "content": null,
            "content_disposition": "",
            "content_encoding": "",
            "content_language": "",
            "content_type": "image/png",
            "crc32c": "iddkzw==",
            "customer_encryption": [],
            "detect_md5hash": "O0zr8mz8DZDbRnYcEYCbSw==",
            "event_based_hold": false,
            "id": "genesis-of-websites-oredev-demo-Devoteam.png",
            "kms_key_name": "",
            "md5hash": "O0zr8mz8DZDbRnYcEYCbSw==",
            "media_link": "https://storage.googleapis.com/download/storage/v1/b/genesis-of-websites-oredev-demo/o/Devoteam.png?generation=1698843304364635\u0026alt=media",
            "metadata": null,
            "name": "Devoteam.png",
            "output_name": "Devoteam.png",
            "self_link": "https://www.googleapis.com/storage/v1/b/genesis-of-websites-oredev-demo/o/Devoteam.png",
            "source": "./src/Devoteam.png",
            "storage_class": "STANDARD",
            "temporary_hold": false,
            "timeouts": null
          },
          "sensitive_attributes": [],
          "private": "eyJlMmJmYjczMC1lY2FhLTExZTYtOGY4OC0zNDM2M2JjN2M0YzAiOnsiY3JlYXRlIjoyNDAwMDAwMDAwMDAsImRlbGV0ZSI6MjQwMDAwMDAwMDAwLCJ1cGRhdGUiOjI0MDAwMDAwMDAwMH19",
          "dependencies": [
            "google_storage_bucket.website_bucket"
          ]
        }
      ]
    }
  ],
  "check_results": null
}
