{
  "version": 4,
  "terraform_version": "1.6.2",
  "serial": 4,
  "lineage": "9140fd15-4e92-02aa-f92b-fd9f49d5fe06",
  "outputs": {
    "instance_external_ip": {
      "value": "http://34.88.245.76",
      "type": "string"
    }
  },
  "resources": [
    {
      "mode": "managed",
      "type": "google_compute_firewall",
      "name": "wordpress",
      "provider": "provider[\"registry.terraform.io/hashicorp/google\"]",
      "instances": [
        {
          "schema_version": 1,
          "attributes": {
            "allow": [
              {
                "ports": [
                  "80",
                  "22"
                ],
                "protocol": "tcp"
              }
            ],
            "creation_timestamp": "2023-11-01T05:11:18.289-07:00",
            "deny": [],
            "description": "",
            "destination_ranges": [],
            "direction": "INGRESS",
            "disabled": false,
            "enable_logging": null,
            "id": "projects/sijohn-playground-v2/global/firewalls/wordpress",
            "log_config": [],
            "name": "wordpress",
            "network": "https://www.googleapis.com/compute/v1/projects/sijohn-playground-v2/global/networks/default",
            "priority": 1000,
            "project": "sijohn-playground-v2",
            "self_link": "https://www.googleapis.com/compute/v1/projects/sijohn-playground-v2/global/firewalls/wordpress",
            "source_ranges": [
              "0.0.0.0/0"
            ],
            "source_service_accounts": [],
            "source_tags": [],
            "target_service_accounts": [],
            "target_tags": [
              "wordpress-sm"
            ],
            "timeouts": null
          },
          "sensitive_attributes": [],
          "private": "eyJlMmJmYjczMC1lY2FhLTExZTYtOGY4OC0zNDM2M2JjN2M0YzAiOnsiY3JlYXRlIjoxMjAwMDAwMDAwMDAwLCJkZWxldGUiOjEyMDAwMDAwMDAwMDAsInVwZGF0ZSI6MTIwMDAwMDAwMDAwMH0sInNjaGVtYV92ZXJzaW9uIjoiMSJ9"
        }
      ]
    },
    {
      "mode": "managed",
      "type": "google_compute_instance",
      "name": "wordpress",
      "provider": "provider[\"registry.terraform.io/hashicorp/google\"]",
      "instances": [
        {
          "schema_version": 6,
          "attributes": {
            "advanced_machine_features": [],
            "allow_stopping_for_update": null,
            "attached_disk": [],
            "boot_disk": [
              {
                "auto_delete": true,
                "device_name": "instance-1",
                "disk_encryption_key_raw": "",
                "disk_encryption_key_sha256": "",
                "initialize_params": [
                  {
                    "image": "https://www.googleapis.com/compute/v1/projects/debian-cloud/global/images/debian-11-bullseye-v20231010",
                    "labels": {},
                    "resource_manager_tags": {},
                    "size": 10,
                    "type": "pd-balanced"
                  }
                ],
                "kms_key_self_link": "",
                "mode": "READ_WRITE",
                "source": "https://www.googleapis.com/compute/v1/projects/sijohn-playground-v2/zones/europe-north1-a/disks/oredev-demo-wordpress"
              }
            ],
            "can_ip_forward": false,
            "confidential_instance_config": [],
            "cpu_platform": "Intel Skylake",
            "current_status": "RUNNING",
            "deletion_protection": false,
            "description": "",
            "desired_status": null,
            "effective_labels": {},
            "enable_display": false,
            "guest_accelerator": [],
            "hostname": "",
            "id": "projects/sijohn-playground-v2/zones/europe-north1-a/instances/oredev-demo-wordpress",
            "instance_id": "1020270558059691657",
            "label_fingerprint": "42WmSpB8rSM=",
            "labels": {},
            "machine_type": "n1-standard-2",
            "metadata": {
              "ssh-keys": "user:ssh-rsa AAAAB3NzaC1yc2EAAAADAQABAAACAQD2NZiRjv938+rd9Rj0+31cic7tuAmcVCFaJ9XTQe/BBhzXG6MmAn014Ji5n6ophFGpWas7t8Lv9pcQvqEH5nLrc0tYGuBg83VqPgUwLeZ923wkBsN0FVDyAUKa1tpQCpB3wLJePw87jXFOgucohl5ETp6ByPvh7sJ7KAIX12cekrGviHjZB261JSNUW/qVS4aVa9KKyRl8/I7uJu5nQjihiaB5xIMjkqqqs8u605QOs2VFu/36RJBLdAYl7NmeLv01OFfV04hsKnItcmqCB6j8GTdgcrCYaglsOQl6S9D2ap8JtPX/DxDh9sdydpgZtdjDm/xn0z7NAeGsgGrZ5BbTsqy87kTggSSdtohDBSgp/LF5S27+u9nu/wr5Ia9VnSLqi8lYDIAJ8mJ+3J5zyc2shCk4fWhyTrnQcQYWFnccbtGgWrafnK2A1mm0AUMIXear8SzUnK6V70+sFx8NVGlJttGT+ljdgcbaJS64vcl3Yl3QFVxm5ycU6SP3Toy2Bz6zUmG4FrIywhY43Bjj88BMzQYxQ0zWI3HZ8moBRT8r33P2RP1DwB9s4fHhpcq2rDMdn8pQS1FjLlCpvb4bw8xqOjvWQsi0n+DSRl4VCMcfMejnQMG61lPORga5XaIrXLhRplGdnQX6AcWPuBAzUejYYkTPqrsigMpk5DdPwZzwmQ== sijohn.mathew@example.com\n"
            },
            "metadata_fingerprint": "6PIQMu3yhPk=",
            "metadata_startup_script": "#!/bin/bash\napt-get update\napt-get install -y apache2 php libapache2-mod-php php-mysql\necho '\u003c?php phpinfo(); ?\u003e' \u003e /var/www/html/index.php\napt-get update\napt-get install -y mysql-client\nDEBIAN_FRONTEND=noninteractive apt-get install -y mysql-server\napt-get install -y php-curl php-gd php-intl php-json php-xml php-zip\nwget https://wordpress.org/latest.tar.gz\ntar xzvf latest.tar.gz\ncp -R wordpress/* /var/www/html/\nchown -R www-data:www-data /var/www/html/\n",
            "min_cpu_platform": "",
            "name": "oredev-demo-wordpress",
            "network_interface": [
              {
                "access_config": [
                  {
                    "nat_ip": "34.88.245.76",
                    "network_tier": "PREMIUM",
                    "public_ptr_domain_name": ""
                  }
                ],
                "alias_ip_range": [],
                "internal_ipv6_prefix_length": 0,
                "ipv6_access_config": [],
                "ipv6_access_type": "",
                "ipv6_address": "",
                "name": "nic0",
                "network": "https://www.googleapis.com/compute/v1/projects/sijohn-playground-v2/global/networks/default",
                "network_ip": "10.166.0.2",
                "nic_type": "",
                "queue_count": 0,
                "stack_type": "IPV4_ONLY",
                "subnetwork": "https://www.googleapis.com/compute/v1/projects/sijohn-playground-v2/regions/europe-north1/subnetworks/default",
                "subnetwork_project": "sijohn-playground-v2"
              }
            ],
            "network_performance_config": [],
            "params": [],
            "project": "sijohn-playground-v2",
            "reservation_affinity": [],
            "resource_policies": [],
            "scheduling": [
              {
                "automatic_restart": true,
                "instance_termination_action": "",
                "local_ssd_recovery_timeout": [],
                "min_node_cpus": 0,
                "node_affinities": [],
                "on_host_maintenance": "MIGRATE",
                "preemptible": false,
                "provisioning_model": "STANDARD"
              }
            ],
            "scratch_disk": [],
            "self_link": "https://www.googleapis.com/compute/v1/projects/sijohn-playground-v2/zones/europe-north1-a/instances/oredev-demo-wordpress",
            "service_account": [],
            "shielded_instance_config": [
              {
                "enable_integrity_monitoring": true,
                "enable_secure_boot": false,
                "enable_vtpm": true
              }
            ],
            "tags": [
              "wordpress-sm"
            ],
            "tags_fingerprint": "MiE6LWDoljw=",
            "terraform_labels": {},
            "timeouts": null,
            "zone": "europe-north1-a"
          },
          "sensitive_attributes": [],
          "private": "eyJlMmJmYjczMC1lY2FhLTExZTYtOGY4OC0zNDM2M2JjN2M0YzAiOnsiY3JlYXRlIjoxMjAwMDAwMDAwMDAwLCJkZWxldGUiOjEyMDAwMDAwMDAwMDAsInVwZGF0ZSI6MTIwMDAwMDAwMDAwMH0sInNjaGVtYV92ZXJzaW9uIjoiNiJ9"
        }
      ]
    }
  ],
  "check_results": null
}
